// !$*UTF8*$!
{
	archiveVersion = 1;
	classes = {
	};
	objectVersion = 51;
	objects = {

/* Begin PBXBuildFile section */
		02A267CB90A5A0547ECEF612 /* Pods_ZappCrashlogsPluginMsAppCenter_ZappCrashlogsPluginMsAppCenterTests.framework in Frameworks */ = {isa = PBXBuildFile; fileRef = 38283A77F5472FE946D65D05 /* Pods_ZappCrashlogsPluginMsAppCenter_ZappCrashlogsPluginMsAppCenterTests.framework */; };
		1D05653E233A45FB0070B591 /* ZappCrashlogsPluginMsAppCenter.framework in Frameworks */ = {isa = PBXBuildFile; fileRef = 1D056534233A45FB0070B591 /* ZappCrashlogsPluginMsAppCenter.framework */; };
		1D056543233A45FB0070B591 /* ZappCrashlogsPluginMsAppCenterTests.swift in Sources */ = {isa = PBXBuildFile; fileRef = 1D056542233A45FB0070B591 /* ZappCrashlogsPluginMsAppCenterTests.swift */; };
		1D056545233A45FC0070B591 /* ZappCrashlogsPluginMsAppCenter.h in Headers */ = {isa = PBXBuildFile; fileRef = 1D056537233A45FB0070B591 /* ZappCrashlogsPluginMsAppCenter.h */; settings = {ATTRIBUTES = (Public, ); }; };
		1DB6BE61233A5A760066F929 /* ZPCrashlogsPluginMsAppCenter.swift in Sources */ = {isa = PBXBuildFile; fileRef = 1DB6BE60233A5A760066F929 /* ZPCrashlogsPluginMsAppCenter.swift */; };
		B889EF76E7590D9DE62F0D76 /* Pods_ZappCrashlogsPluginMsAppCenter.framework in Frameworks */ = {isa = PBXBuildFile; fileRef = 33C0CEDDFD7287C8E81BA747 /* Pods_ZappCrashlogsPluginMsAppCenter.framework */; };
/* End PBXBuildFile section */

/* Begin PBXContainerItemProxy section */
		1D05653F233A45FB0070B591 /* PBXContainerItemProxy */ = {
			isa = PBXContainerItemProxy;
			containerPortal = 1D05652B233A45FB0070B591 /* Project object */;
			proxyType = 1;
			remoteGlobalIDString = 1D056533233A45FB0070B591;
			remoteInfo = ZappCrashlogsPluginMsAppCenter;
		};
/* End PBXContainerItemProxy section */

/* Begin PBXFileReference section */
		1435472BA42D9FB8816AB451 /* Pods-ZappCrashlogsPluginMsAppCenter-ZappCrashlogsPluginMsAppCenterTests.release.xcconfig */ = {isa = PBXFileReference; includeInIndex = 1; lastKnownFileType = text.xcconfig; name = "Pods-ZappCrashlogsPluginMsAppCenter-ZappCrashlogsPluginMsAppCenterTests.release.xcconfig"; path = "Target Support Files/Pods-ZappCrashlogsPluginMsAppCenter-ZappCrashlogsPluginMsAppCenterTests/Pods-ZappCrashlogsPluginMsAppCenter-ZappCrashlogsPluginMsAppCenterTests.release.xcconfig"; sourceTree = "<group>"; };
		1D056534233A45FB0070B591 /* ZappCrashlogsPluginMsAppCenter.framework */ = {isa = PBXFileReference; explicitFileType = wrapper.framework; includeInIndex = 0; path = ZappCrashlogsPluginMsAppCenter.framework; sourceTree = BUILT_PRODUCTS_DIR; };
		1D056537233A45FB0070B591 /* ZappCrashlogsPluginMsAppCenter.h */ = {isa = PBXFileReference; lastKnownFileType = sourcecode.c.h; path = ZappCrashlogsPluginMsAppCenter.h; sourceTree = "<group>"; };
		1D056538233A45FB0070B591 /* Info.plist */ = {isa = PBXFileReference; lastKnownFileType = text.plist.xml; path = Info.plist; sourceTree = "<group>"; };
		1D05653D233A45FB0070B591 /* ZappCrashlogsPluginMsAppCenterTests.xctest */ = {isa = PBXFileReference; explicitFileType = wrapper.cfbundle; includeInIndex = 0; path = ZappCrashlogsPluginMsAppCenterTests.xctest; sourceTree = BUILT_PRODUCTS_DIR; };
		1D056542233A45FB0070B591 /* ZappCrashlogsPluginMsAppCenterTests.swift */ = {isa = PBXFileReference; lastKnownFileType = sourcecode.swift; path = ZappCrashlogsPluginMsAppCenterTests.swift; sourceTree = "<group>"; };
		1D056544233A45FB0070B591 /* Info.plist */ = {isa = PBXFileReference; lastKnownFileType = text.plist.xml; path = Info.plist; sourceTree = "<group>"; };
		1DB6BE60233A5A760066F929 /* ZPCrashlogsPluginMsAppCenter.swift */ = {isa = PBXFileReference; lastKnownFileType = sourcecode.swift; path = ZPCrashlogsPluginMsAppCenter.swift; sourceTree = "<group>"; };
		207594C0C9D2A613718AF8F1 /* Pods-ZappCrashlogsPluginMsAppCenter-ZappCrashlogsPluginMsAppCenterTests.debug.xcconfig */ = {isa = PBXFileReference; includeInIndex = 1; lastKnownFileType = text.xcconfig; name = "Pods-ZappCrashlogsPluginMsAppCenter-ZappCrashlogsPluginMsAppCenterTests.debug.xcconfig"; path = "Target Support Files/Pods-ZappCrashlogsPluginMsAppCenter-ZappCrashlogsPluginMsAppCenterTests/Pods-ZappCrashlogsPluginMsAppCenter-ZappCrashlogsPluginMsAppCenterTests.debug.xcconfig"; sourceTree = "<group>"; };
		33C0CEDDFD7287C8E81BA747 /* Pods_ZappCrashlogsPluginMsAppCenter.framework */ = {isa = PBXFileReference; explicitFileType = wrapper.framework; includeInIndex = 0; path = Pods_ZappCrashlogsPluginMsAppCenter.framework; sourceTree = BUILT_PRODUCTS_DIR; };
		38283A77F5472FE946D65D05 /* Pods_ZappCrashlogsPluginMsAppCenter_ZappCrashlogsPluginMsAppCenterTests.framework */ = {isa = PBXFileReference; explicitFileType = wrapper.framework; includeInIndex = 0; path = Pods_ZappCrashlogsPluginMsAppCenter_ZappCrashlogsPluginMsAppCenterTests.framework; sourceTree = BUILT_PRODUCTS_DIR; };
		4D328334E0E56CBF8542A1E7 /* Pods-ZappCrashlogsPluginMsAppCenter.debug.xcconfig */ = {isa = PBXFileReference; includeInIndex = 1; lastKnownFileType = text.xcconfig; name = "Pods-ZappCrashlogsPluginMsAppCenter.debug.xcconfig"; path = "Target Support Files/Pods-ZappCrashlogsPluginMsAppCenter/Pods-ZappCrashlogsPluginMsAppCenter.debug.xcconfig"; sourceTree = "<group>"; };
		F54C1AF771F9140898ED084C /* Pods-ZappCrashlogsPluginMsAppCenter.release.xcconfig */ = {isa = PBXFileReference; includeInIndex = 1; lastKnownFileType = text.xcconfig; name = "Pods-ZappCrashlogsPluginMsAppCenter.release.xcconfig"; path = "Target Support Files/Pods-ZappCrashlogsPluginMsAppCenter/Pods-ZappCrashlogsPluginMsAppCenter.release.xcconfig"; sourceTree = "<group>"; };
/* End PBXFileReference section */

/* Begin PBXFrameworksBuildPhase section */
		1D056531233A45FB0070B591 /* Frameworks */ = {
			isa = PBXFrameworksBuildPhase;
			buildActionMask = 2147483647;
			files = (
				B889EF76E7590D9DE62F0D76 /* Pods_ZappCrashlogsPluginMsAppCenter.framework in Frameworks */,
			);
			runOnlyForDeploymentPostprocessing = 0;
		};
		1D05653A233A45FB0070B591 /* Frameworks */ = {
			isa = PBXFrameworksBuildPhase;
			buildActionMask = 2147483647;
			files = (
				1D05653E233A45FB0070B591 /* ZappCrashlogsPluginMsAppCenter.framework in Frameworks */,
				02A267CB90A5A0547ECEF612 /* Pods_ZappCrashlogsPluginMsAppCenter_ZappCrashlogsPluginMsAppCenterTests.framework in Frameworks */,
			);
			runOnlyForDeploymentPostprocessing = 0;
		};
/* End PBXFrameworksBuildPhase section */

/* Begin PBXGroup section */
		0C33E38A9179DC785E909722 /* Pods */ = {
			isa = PBXGroup;
			children = (
				4D328334E0E56CBF8542A1E7 /* Pods-ZappCrashlogsPluginMsAppCenter.debug.xcconfig */,
				F54C1AF771F9140898ED084C /* Pods-ZappCrashlogsPluginMsAppCenter.release.xcconfig */,
				207594C0C9D2A613718AF8F1 /* Pods-ZappCrashlogsPluginMsAppCenter-ZappCrashlogsPluginMsAppCenterTests.debug.xcconfig */,
				1435472BA42D9FB8816AB451 /* Pods-ZappCrashlogsPluginMsAppCenter-ZappCrashlogsPluginMsAppCenterTests.release.xcconfig */,
			);
			path = Pods;
			sourceTree = "<group>";
		};
		1D05652A233A45FB0070B591 = {
			isa = PBXGroup;
			children = (
				1D056536233A45FB0070B591 /* ZappCrashlogsPluginMsAppCenter */,
				1D056541233A45FB0070B591 /* ZappCrashlogsPluginMsAppCenterTests */,
				1D056535233A45FB0070B591 /* Products */,
				0C33E38A9179DC785E909722 /* Pods */,
				4E60B5004913AB4248BE1DA5 /* Frameworks */,
			);
			sourceTree = "<group>";
		};
		1D056535233A45FB0070B591 /* Products */ = {
			isa = PBXGroup;
			children = (
				1D056534233A45FB0070B591 /* ZappCrashlogsPluginMsAppCenter.framework */,
				1D05653D233A45FB0070B591 /* ZappCrashlogsPluginMsAppCenterTests.xctest */,
			);
			name = Products;
			sourceTree = "<group>";
		};
		1D056536233A45FB0070B591 /* ZappCrashlogsPluginMsAppCenter */ = {
			isa = PBXGroup;
			children = (
				1DB6BE60233A5A760066F929 /* ZPCrashlogsPluginMsAppCenter.swift */,
				1D056537233A45FB0070B591 /* ZappCrashlogsPluginMsAppCenter.h */,
				1D056538233A45FB0070B591 /* Info.plist */,
			);
			path = ZappCrashlogsPluginMsAppCenter;
			sourceTree = "<group>";
		};
		1D056541233A45FB0070B591 /* ZappCrashlogsPluginMsAppCenterTests */ = {
			isa = PBXGroup;
			children = (
				1D056542233A45FB0070B591 /* ZappCrashlogsPluginMsAppCenterTests.swift */,
				1D056544233A45FB0070B591 /* Info.plist */,
			);
			path = ZappCrashlogsPluginMsAppCenterTests;
			sourceTree = "<group>";
		};
		4E60B5004913AB4248BE1DA5 /* Frameworks */ = {
			isa = PBXGroup;
			children = (
				33C0CEDDFD7287C8E81BA747 /* Pods_ZappCrashlogsPluginMsAppCenter.framework */,
				38283A77F5472FE946D65D05 /* Pods_ZappCrashlogsPluginMsAppCenter_ZappCrashlogsPluginMsAppCenterTests.framework */,
			);
			name = Frameworks;
			sourceTree = "<group>";
		};
/* End PBXGroup section */

/* Begin PBXHeadersBuildPhase section */
		1D05652F233A45FB0070B591 /* Headers */ = {
			isa = PBXHeadersBuildPhase;
			buildActionMask = 2147483647;
			files = (
				1D056545233A45FC0070B591 /* ZappCrashlogsPluginMsAppCenter.h in Headers */,
			);
			runOnlyForDeploymentPostprocessing = 0;
		};
/* End PBXHeadersBuildPhase section */

/* Begin PBXNativeTarget section */
		1D056533233A45FB0070B591 /* ZappCrashlogsPluginMsAppCenter */ = {
			isa = PBXNativeTarget;
			buildConfigurationList = 1D056548233A45FC0070B591 /* Build configuration list for PBXNativeTarget "ZappCrashlogsPluginMsAppCenter" */;
			buildPhases = (
				33CCEBC6E26CB7A6BCF2DA65 /* [CP] Check Pods Manifest.lock */,
				1D05652F233A45FB0070B591 /* Headers */,
				1D056530233A45FB0070B591 /* Sources */,
				1D056531233A45FB0070B591 /* Frameworks */,
				1D056532233A45FB0070B591 /* Resources */,
			);
			buildRules = (
			);
			dependencies = (
			);
			name = ZappCrashlogsPluginMsAppCenter;
			productName = ZappCrashlogsPluginMsAppCenter;
			productReference = 1D056534233A45FB0070B591 /* ZappCrashlogsPluginMsAppCenter.framework */;
			productType = "com.apple.product-type.framework";
		};
		1D05653C233A45FB0070B591 /* ZappCrashlogsPluginMsAppCenterTests */ = {
			isa = PBXNativeTarget;
			buildConfigurationList = 1D05654B233A45FC0070B591 /* Build configuration list for PBXNativeTarget "ZappCrashlogsPluginMsAppCenterTests" */;
			buildPhases = (
				FAF0C77326E30E1C9DE505FE /* [CP] Check Pods Manifest.lock */,
				1D056539233A45FB0070B591 /* Sources */,
				1D05653A233A45FB0070B591 /* Frameworks */,
				1D05653B233A45FB0070B591 /* Resources */,
				36513EAB966DE244565A36CB /* [CP] Embed Pods Frameworks */,
			);
			buildRules = (
			);
			dependencies = (
				1D056540233A45FB0070B591 /* PBXTargetDependency */,
			);
			name = ZappCrashlogsPluginMsAppCenterTests;
			productName = ZappCrashlogsPluginMsAppCenterTests;
			productReference = 1D05653D233A45FB0070B591 /* ZappCrashlogsPluginMsAppCenterTests.xctest */;
			productType = "com.apple.product-type.bundle.unit-test";
		};
/* End PBXNativeTarget section */

/* Begin PBXProject section */
		1D05652B233A45FB0070B591 /* Project object */ = {
			isa = PBXProject;
			attributes = {
				LastSwiftUpdateCheck = 1020;
				LastUpgradeCheck = 1020;
				ORGANIZATIONNAME = "Applicaster Ltd.";
				TargetAttributes = {
					1D056533233A45FB0070B591 = {
						CreatedOnToolsVersion = 10.2.1;
						LastSwiftMigration = 1020;
					};
					1D05653C233A45FB0070B591 = {
						CreatedOnToolsVersion = 10.2.1;
					};
				};
			};
			buildConfigurationList = 1D05652E233A45FB0070B591 /* Build configuration list for PBXProject "ZappCrashlogsPluginMsAppCenter" */;
			compatibilityVersion = "Xcode 9.3";
			developmentRegion = en;
			hasScannedForEncodings = 0;
			knownRegions = (
				en,
			);
			mainGroup = 1D05652A233A45FB0070B591;
			productRefGroup = 1D056535233A45FB0070B591 /* Products */;
			projectDirPath = "";
			projectRoot = "";
			targets = (
				1D056533233A45FB0070B591 /* ZappCrashlogsPluginMsAppCenter */,
				1D05653C233A45FB0070B591 /* ZappCrashlogsPluginMsAppCenterTests */,
			);
		};
/* End PBXProject section */

/* Begin PBXResourcesBuildPhase section */
		1D056532233A45FB0070B591 /* Resources */ = {
			isa = PBXResourcesBuildPhase;
			buildActionMask = 2147483647;
			files = (
			);
			runOnlyForDeploymentPostprocessing = 0;
		};
		1D05653B233A45FB0070B591 /* Resources */ = {
			isa = PBXResourcesBuildPhase;
			buildActionMask = 2147483647;
			files = (
			);
			runOnlyForDeploymentPostprocessing = 0;
		};
/* End PBXResourcesBuildPhase section */

/* Begin PBXShellScriptBuildPhase section */
		33CCEBC6E26CB7A6BCF2DA65 /* [CP] Check Pods Manifest.lock */ = {
			isa = PBXShellScriptBuildPhase;
			buildActionMask = 2147483647;
			files = (
			);
			inputFileListPaths = (
			);
			inputPaths = (
				"${PODS_PODFILE_DIR_PATH}/Podfile.lock",
				"${PODS_ROOT}/Manifest.lock",
			);
			name = "[CP] Check Pods Manifest.lock";
			outputFileListPaths = (
			);
			outputPaths = (
				"$(DERIVED_FILE_DIR)/Pods-ZappCrashlogsPluginMsAppCenter-checkManifestLockResult.txt",
			);
			runOnlyForDeploymentPostprocessing = 0;
			shellPath = /bin/sh;
			shellScript = "diff \"${PODS_PODFILE_DIR_PATH}/Podfile.lock\" \"${PODS_ROOT}/Manifest.lock\" > /dev/null\nif [ $? != 0 ] ; then\n    # print error to STDERR\n    echo \"error: The sandbox is not in sync with the Podfile.lock. Run 'pod install' or update your CocoaPods installation.\" >&2\n    exit 1\nfi\n# This output is used by Xcode 'outputs' to avoid re-running this script phase.\necho \"SUCCESS\" > \"${SCRIPT_OUTPUT_FILE_0}\"\n";
			showEnvVarsInLog = 0;
		};
		36513EAB966DE244565A36CB /* [CP] Embed Pods Frameworks */ = {
			isa = PBXShellScriptBuildPhase;
			buildActionMask = 2147483647;
			files = (
			);
			inputFileListPaths = (
				"${PODS_ROOT}/Target Support Files/Pods-ZappCrashlogsPluginMsAppCenter-ZappCrashlogsPluginMsAppCenterTests/Pods-ZappCrashlogsPluginMsAppCenter-ZappCrashlogsPluginMsAppCenterTests-frameworks-${CONFIGURATION}-input-files.xcfilelist",
			);
			name = "[CP] Embed Pods Frameworks";
			outputFileListPaths = (
				"${PODS_ROOT}/Target Support Files/Pods-ZappCrashlogsPluginMsAppCenter-ZappCrashlogsPluginMsAppCenterTests/Pods-ZappCrashlogsPluginMsAppCenter-ZappCrashlogsPluginMsAppCenterTests-frameworks-${CONFIGURATION}-output-files.xcfilelist",
			);
			runOnlyForDeploymentPostprocessing = 0;
			shellPath = /bin/sh;
			shellScript = "\"${PODS_ROOT}/Target Support Files/Pods-ZappCrashlogsPluginMsAppCenter-ZappCrashlogsPluginMsAppCenterTests/Pods-ZappCrashlogsPluginMsAppCenter-ZappCrashlogsPluginMsAppCenterTests-frameworks.sh\"\n";
			showEnvVarsInLog = 0;
		};
		FAF0C77326E30E1C9DE505FE /* [CP] Check Pods Manifest.lock */ = {
			isa = PBXShellScriptBuildPhase;
			buildActionMask = 2147483647;
			files = (
			);
			inputFileListPaths = (
			);
			inputPaths = (
				"${PODS_PODFILE_DIR_PATH}/Podfile.lock",
				"${PODS_ROOT}/Manifest.lock",
			);
			name = "[CP] Check Pods Manifest.lock";
			outputFileListPaths = (
			);
			outputPaths = (
				"$(DERIVED_FILE_DIR)/Pods-ZappCrashlogsPluginMsAppCenter-ZappCrashlogsPluginMsAppCenterTests-checkManifestLockResult.txt",
			);
			runOnlyForDeploymentPostprocessing = 0;
			shellPath = /bin/sh;
			shellScript = "diff \"${PODS_PODFILE_DIR_PATH}/Podfile.lock\" \"${PODS_ROOT}/Manifest.lock\" > /dev/null\nif [ $? != 0 ] ; then\n    # print error to STDERR\n    echo \"error: The sandbox is not in sync with the Podfile.lock. Run 'pod install' or update your CocoaPods installation.\" >&2\n    exit 1\nfi\n# This output is used by Xcode 'outputs' to avoid re-running this script phase.\necho \"SUCCESS\" > \"${SCRIPT_OUTPUT_FILE_0}\"\n";
			showEnvVarsInLog = 0;
		};
/* End PBXShellScriptBuildPhase section */

/* Begin PBXSourcesBuildPhase section */
		1D056530233A45FB0070B591 /* Sources */ = {
			isa = PBXSourcesBuildPhase;
			buildActionMask = 2147483647;
			files = (
				1DB6BE61233A5A760066F929 /* ZPCrashlogsPluginMsAppCenter.swift in Sources */,
			);
			runOnlyForDeploymentPostprocessing = 0;
		};
		1D056539233A45FB0070B591 /* Sources */ = {
			isa = PBXSourcesBuildPhase;
			buildActionMask = 2147483647;
			files = (
				1D056543233A45FB0070B591 /* ZappCrashlogsPluginMsAppCenterTests.swift in Sources */,
			);
			runOnlyForDeploymentPostprocessing = 0;
		};
/* End PBXSourcesBuildPhase section */

/* Begin PBXTargetDependency section */
		1D056540233A45FB0070B591 /* PBXTargetDependency */ = {
			isa = PBXTargetDependency;
			target = 1D056533233A45FB0070B591 /* ZappCrashlogsPluginMsAppCenter */;
			targetProxy = 1D05653F233A45FB0070B591 /* PBXContainerItemProxy */;
		};
/* End PBXTargetDependency section */

/* Begin XCBuildConfiguration section */
		1D056546233A45FC0070B591 /* Debug */ = {
			isa = XCBuildConfiguration;
			buildSettings = {
				ALWAYS_SEARCH_USER_PATHS = NO;
				CLANG_ANALYZER_NONNULL = YES;
				CLANG_ANALYZER_NUMBER_OBJECT_CONVERSION = YES_AGGRESSIVE;
				CLANG_CXX_LANGUAGE_STANDARD = "gnu++14";
				CLANG_CXX_LIBRARY = "libc++";
				CLANG_ENABLE_MODULES = YES;
				CLANG_ENABLE_OBJC_ARC = YES;
				CLANG_ENABLE_OBJC_WEAK = YES;
				CLANG_WARN_BLOCK_CAPTURE_AUTORELEASING = YES;
				CLANG_WARN_BOOL_CONVERSION = YES;
				CLANG_WARN_COMMA = YES;
				CLANG_WARN_CONSTANT_CONVERSION = YES;
				CLANG_WARN_DEPRECATED_OBJC_IMPLEMENTATIONS = YES;
				CLANG_WARN_DIRECT_OBJC_ISA_USAGE = YES_ERROR;
				CLANG_WARN_DOCUMENTATION_COMMENTS = YES;
				CLANG_WARN_EMPTY_BODY = YES;
				CLANG_WARN_ENUM_CONVERSION = YES;
				CLANG_WARN_INFINITE_RECURSION = YES;
				CLANG_WARN_INT_CONVERSION = YES;
				CLANG_WARN_NON_LITERAL_NULL_CONVERSION = YES;
				CLANG_WARN_OBJC_IMPLICIT_RETAIN_SELF = YES;
				CLANG_WARN_OBJC_LITERAL_CONVERSION = YES;
				CLANG_WARN_OBJC_ROOT_CLASS = YES_ERROR;
				CLANG_WARN_RANGE_LOOP_ANALYSIS = YES;
				CLANG_WARN_STRICT_PROTOTYPES = YES;
				CLANG_WARN_SUSPICIOUS_MOVE = YES;
				CLANG_WARN_UNGUARDED_AVAILABILITY = YES_AGGRESSIVE;
				CLANG_WARN_UNREACHABLE_CODE = YES;
				CLANG_WARN__DUPLICATE_METHOD_MATCH = YES;
				CODE_SIGN_IDENTITY = "iPhone Developer";
				COPY_PHASE_STRIP = NO;
				CURRENT_PROJECT_VERSION = 1;
				DEBUG_INFORMATION_FORMAT = dwarf;
				ENABLE_STRICT_OBJC_MSGSEND = YES;
				ENABLE_TESTABILITY = YES;
				GCC_C_LANGUAGE_STANDARD = gnu11;
				GCC_DYNAMIC_NO_PIC = NO;
				GCC_NO_COMMON_BLOCKS = YES;
				GCC_OPTIMIZATION_LEVEL = 0;
				GCC_PREPROCESSOR_DEFINITIONS = (
					"DEBUG=1",
					"$(inherited)",
				);
				GCC_WARN_64_TO_32_BIT_CONVERSION = YES;
				GCC_WARN_ABOUT_RETURN_TYPE = YES_ERROR;
				GCC_WARN_UNDECLARED_SELECTOR = YES;
				GCC_WARN_UNINITIALIZED_AUTOS = YES_AGGRESSIVE;
				GCC_WARN_UNUSED_FUNCTION = YES;
				GCC_WARN_UNUSED_VARIABLE = YES;
				IPHONEOS_DEPLOYMENT_TARGET = 12.2;
				MTL_ENABLE_DEBUG_INFO = INCLUDE_SOURCE;
				MTL_FAST_MATH = YES;
				ONLY_ACTIVE_ARCH = YES;
				SDKROOT = iphoneos;
				SWIFT_ACTIVE_COMPILATION_CONDITIONS = DEBUG;
				SWIFT_OPTIMIZATION_LEVEL = "-Onone";
				SWIFT_VERSION = 5.0;
				VERSIONING_SYSTEM = "apple-generic";
				VERSION_INFO_PREFIX = "";
			};
			name = Debug;
		};
		1D056547233A45FC0070B591 /* Release */ = {
			isa = XCBuildConfiguration;
			buildSettings = {
				ALWAYS_SEARCH_USER_PATHS = NO;
				CLANG_ANALYZER_NONNULL = YES;
				CLANG_ANALYZER_NUMBER_OBJECT_CONVERSION = YES_AGGRESSIVE;
				CLANG_CXX_LANGUAGE_STANDARD = "gnu++14";
				CLANG_CXX_LIBRARY = "libc++";
				CLANG_ENABLE_MODULES = YES;
				CLANG_ENABLE_OBJC_ARC = YES;
				CLANG_ENABLE_OBJC_WEAK = YES;
				CLANG_WARN_BLOCK_CAPTURE_AUTORELEASING = YES;
				CLANG_WARN_BOOL_CONVERSION = YES;
				CLANG_WARN_COMMA = YES;
				CLANG_WARN_CONSTANT_CONVERSION = YES;
				CLANG_WARN_DEPRECATED_OBJC_IMPLEMENTATIONS = YES;
				CLANG_WARN_DIRECT_OBJC_ISA_USAGE = YES_ERROR;
				CLANG_WARN_DOCUMENTATION_COMMENTS = YES;
				CLANG_WARN_EMPTY_BODY = YES;
				CLANG_WARN_ENUM_CONVERSION = YES;
				CLANG_WARN_INFINITE_RECURSION = YES;
				CLANG_WARN_INT_CONVERSION = YES;
				CLANG_WARN_NON_LITERAL_NULL_CONVERSION = YES;
				CLANG_WARN_OBJC_IMPLICIT_RETAIN_SELF = YES;
				CLANG_WARN_OBJC_LITERAL_CONVERSION = YES;
				CLANG_WARN_OBJC_ROOT_CLASS = YES_ERROR;
				CLANG_WARN_RANGE_LOOP_ANALYSIS = YES;
				CLANG_WARN_STRICT_PROTOTYPES = YES;
				CLANG_WARN_SUSPICIOUS_MOVE = YES;
				CLANG_WARN_UNGUARDED_AVAILABILITY = YES_AGGRESSIVE;
				CLANG_WARN_UNREACHABLE_CODE = YES;
				CLANG_WARN__DUPLICATE_METHOD_MATCH = YES;
				CODE_SIGN_IDENTITY = "iPhone Developer";
				COPY_PHASE_STRIP = NO;
				CURRENT_PROJECT_VERSION = 1;
				DEBUG_INFORMATION_FORMAT = "dwarf-with-dsym";
				ENABLE_NS_ASSERTIONS = NO;
				ENABLE_STRICT_OBJC_MSGSEND = YES;
				GCC_C_LANGUAGE_STANDARD = gnu11;
				GCC_NO_COMMON_BLOCKS = YES;
				GCC_WARN_64_TO_32_BIT_CONVERSION = YES;
				GCC_WARN_ABOUT_RETURN_TYPE = YES_ERROR;
				GCC_WARN_UNDECLARED_SELECTOR = YES;
				GCC_WARN_UNINITIALIZED_AUTOS = YES_AGGRESSIVE;
				GCC_WARN_UNUSED_FUNCTION = YES;
				GCC_WARN_UNUSED_VARIABLE = YES;
				IPHONEOS_DEPLOYMENT_TARGET = 12.2;
				MTL_ENABLE_DEBUG_INFO = NO;
				MTL_FAST_MATH = YES;
				SDKROOT = iphoneos;
				SWIFT_COMPILATION_MODE = wholemodule;
				SWIFT_OPTIMIZATION_LEVEL = "-O";
				SWIFT_VERSION = 5.0;
				VALIDATE_PRODUCT = YES;
				VERSIONING_SYSTEM = "apple-generic";
				VERSION_INFO_PREFIX = "";
			};
			name = Release;
		};
		1D056549233A45FC0070B591 /* Debug */ = {
			isa = XCBuildConfiguration;
			baseConfigurationReference = 4D328334E0E56CBF8542A1E7 /* Pods-ZappCrashlogsPluginMsAppCenter.debug.xcconfig */;
			buildSettings = {
				CLANG_ENABLE_MODULES = YES;
				CODE_SIGN_IDENTITY = "";
				CODE_SIGN_STYLE = Manual;
				DEFINES_MODULE = YES;
				DEVELOPMENT_TEAM = "";
				DYLIB_COMPATIBILITY_VERSION = 1;
				DYLIB_CURRENT_VERSION = 1;
				DYLIB_INSTALL_NAME_BASE = "@rpath";
				INFOPLIST_FILE = ZappCrashlogsPluginMsAppCenter/Info.plist;
				INSTALL_PATH = "$(LOCAL_LIBRARY_DIR)/Frameworks";
				LD_RUNPATH_SEARCH_PATHS = (
					"$(inherited)",
					"@executable_path/Frameworks",
					"@loader_path/Frameworks",
				);
				PRODUCT_BUNDLE_IDENTIFIER = com.applicaster.ZappCrashlogsPluginMsAppCenter;
				PRODUCT_NAME = "$(TARGET_NAME:c99extidentifier)";
				PROVISIONING_PROFILE_SPECIFIER = "";
				SKIP_INSTALL = YES;
				SWIFT_OPTIMIZATION_LEVEL = "-Onone";
				TARGETED_DEVICE_FAMILY = "1,2";
			};
			name = Debug;
		};
		1D05654A233A45FC0070B591 /* Release */ = {
			isa = XCBuildConfiguration;
			baseConfigurationReference = F54C1AF771F9140898ED084C /* Pods-ZappCrashlogsPluginMsAppCenter.release.xcconfig */;
			buildSettings = {
				CLANG_ENABLE_MODULES = YES;
				CODE_SIGN_IDENTITY = "";
				CODE_SIGN_STYLE = Manual;
				DEFINES_MODULE = YES;
				DEVELOPMENT_TEAM = "";
				DYLIB_COMPATIBILITY_VERSION = 1;
				DYLIB_CURRENT_VERSION = 1;
				DYLIB_INSTALL_NAME_BASE = "@rpath";
				INFOPLIST_FILE = ZappCrashlogsPluginMsAppCenter/Info.plist;
				INSTALL_PATH = "$(LOCAL_LIBRARY_DIR)/Frameworks";
				LD_RUNPATH_SEARCH_PATHS = (
					"$(inherited)",
					"@executable_path/Frameworks",
					"@loader_path/Frameworks",
				);
				PRODUCT_BUNDLE_IDENTIFIER = com.applicaster.ZappCrashlogsPluginMsAppCenter;
				PRODUCT_NAME = "$(TARGET_NAME:c99extidentifier)";
				PROVISIONING_PROFILE_SPECIFIER = "";
				SKIP_INSTALL = YES;
				TARGETED_DEVICE_FAMILY = "1,2";
			};
			name = Release;
		};
		1D05654C233A45FC0070B591 /* Debug */ = {
			isa = XCBuildConfiguration;
			baseConfigurationReference = 207594C0C9D2A613718AF8F1 /* Pods-ZappCrashlogsPluginMsAppCenter-ZappCrashlogsPluginMsAppCenterTests.debug.xcconfig */;
			buildSettings = {
				CODE_SIGN_STYLE = Automatic;
				INFOPLIST_FILE = ZappCrashlogsPluginMsAppCenterTests/Info.plist;
				LD_RUNPATH_SEARCH_PATHS = (
					"$(inherited)",
					"@executable_path/Frameworks",
					"@loader_path/Frameworks",
				);
				PRODUCT_BUNDLE_IDENTIFIER = com.applicaster.ZappCrashlogsPluginMsAppCenterTests;
				PRODUCT_NAME = "$(TARGET_NAME)";
				TARGETED_DEVICE_FAMILY = "1,2";
			};
			name = Debug;
		};
		1D05654D233A45FC0070B591 /* Release */ = {
			isa = XCBuildConfiguration;
			baseConfigurationReference = 1435472BA42D9FB8816AB451 /* Pods-ZappCrashlogsPluginMsAppCenter-ZappCrashlogsPluginMsAppCenterTests.release.xcconfig */;
			buildSettings = {
				CODE_SIGN_STYLE = Automatic;
				INFOPLIST_FILE = ZappCrashlogsPluginMsAppCenterTests/Info.plist;
				LD_RUNPATH_SEARCH_PATHS = (
					"$(inherited)",
					"@executable_path/Frameworks",
					"@loader_path/Frameworks",
				);
				PRODUCT_BUNDLE_IDENTIFIER = com.applicaster.ZappCrashlogsPluginMsAppCenterTests;
				PRODUCT_NAME = "$(TARGET_NAME)";
				TARGETED_DEVICE_FAMILY = "1,2";
			};
			name = Release;
		};
/* End XCBuildConfiguration section */

/* Begin XCConfigurationList section */
		1D05652E233A45FB0070B591 /* Build configuration list for PBXProject "ZappCrashlogsPluginMsAppCenter" */ = {
			isa = XCConfigurationList;
			buildConfigurations = (
				1D056546233A45FC0070B591 /* Debug */,
				1D056547233A45FC0070B591 /* Release */,
			);
			defaultConfigurationIsVisible = 0;
			defaultConfigurationName = Release;
		};
		1D056548233A45FC0070B591 /* Build configuration list for PBXNativeTarget "ZappCrashlogsPluginMsAppCenter" */ = {
			isa = XCConfigurationList;
			buildConfigurations = (
				1D056549233A45FC0070B591 /* Debug */,
				1D05654A233A45FC0070B591 /* Release */,
			);
			defaultConfigurationIsVisible = 0;
			defaultConfigurationName = Release;
		};
		1D05654B233A45FC0070B591 /* Build configuration list for PBXNativeTarget "ZappCrashlogsPluginMsAppCenterTests" */ = {
			isa = XCConfigurationList;
			buildConfigurations = (
				1D05654C233A45FC0070B591 /* Debug */,
				1D05654D233A45FC0070B591 /* Release */,
			);
			defaultConfigurationIsVisible = 0;
			defaultConfigurationName = Release;
		};
/* End XCConfigurationList section */
	};
	rootObject = 1D05652B233A45FB0070B591 /* Project object */;
}
